
Microsoft Visual Studio Solution File, Format Version 12.00
# Visual Studio Version 17
VisualStudioVersion = 17.8.34511.84
MinimumVisualStudioVersion = 10.0.40219.1
Project("{FAE04EC0-301F-11D3-BF4B-00C04F79EFBC}") = "To_Do_List_WIth_SQL", "To_Do_List_WIth_SQL\To_Do_List_WIth_SQL.csproj", "{6C8D3838-4E75-43C1-A8A5-31C258A20801}"
EndProject
Global
	GlobalSection(SolutionConfigurationPlatforms) = preSolution
		Debug|Any CPU = Debug|Any CPU
		Release|Any CPU = Release|Any CPU
	EndGlobalSection
	GlobalSection(ProjectConfigurationPlatforms) = postSolution
		{6C8D3838-4E75-43C1-A8A5-31C258A20801}.Debug|Any CPU.ActiveCfg = Debug|Any CPU
		{6C8D3838-4E75-43C1-A8A5-31C258A20801}.Debug|Any CPU.Build.0 = Debug|Any CPU
		{6C8D3838-4E75-43C1-A8A5-31C258A20801}.Release|Any CPU.ActiveCfg = Release|Any CPU
		{6C8D3838-4E75-43C1-A8A5-31C258A20801}.Release|Any CPU.Build.0 = Release|Any CPU
	EndGlobalSection
	GlobalSection(SolutionProperties) = preSolution
		HideSolutionNode = FALSE
	EndGlobalSection
	GlobalSection(ExtensibilityGlobals) = postSolution
		SolutionGuid = {813A8635-2F94-4712-996E-A09268898E32}
	EndGlobalSection
EndGlobal
